
Microsoft Visual Studio Solution File, Format Version 12.00
# Visual Studio Version 17
VisualStudioVersion = 17.4.33213.308
MinimumVisualStudioVersion = 10.0.40219.1
Project("{FAE04EC0-301F-11D3-BF4B-00C04F79EFBC}") = "COMP003A.Assignment3Attempt2", "COMP003A.Assignment3Attempt2\COMP003A.Assignment3Attempt2.csproj", "{56231346-FA0B-4699-9ABA-D7CD593489C7}"
EndProject
Global
	GlobalSection(SolutionConfigurationPlatforms) = preSolution
		Debug|Any CPU = Debug|Any CPU
		Release|Any CPU = Release|Any CPU
	EndGlobalSection
	GlobalSection(ProjectConfigurationPlatforms) = postSolution
		{56231346-FA0B-4699-9ABA-D7CD593489C7}.Debug|Any CPU.ActiveCfg = Debug|Any CPU
		{56231346-FA0B-4699-9ABA-D7CD593489C7}.Debug|Any CPU.Build.0 = Debug|Any CPU
		{56231346-FA0B-4699-9ABA-D7CD593489C7}.Release|Any CPU.ActiveCfg = Release|Any CPU
		{56231346-FA0B-4699-9ABA-D7CD593489C7}.Release|Any CPU.Build.0 = Release|Any CPU
	EndGlobalSection
	GlobalSection(SolutionProperties) = preSolution
		HideSolutionNode = FALSE
	EndGlobalSection
	GlobalSection(ExtensibilityGlobals) = postSolution
		SolutionGuid = {C5A4317C-5DA8-40A4-8FD6-15B4A7315298}
	EndGlobalSection
EndGlobal
